
Microsoft Visual Studio Solution File, Format Version 12.00
# Visual Studio Version 16
VisualStudioVersion = 16.0.31515.178
MinimumVisualStudioVersion = 10.0.40219.1
Project("{FAE04EC0-301F-11D3-BF4B-00C04F79EFBC}") = "My_Garage", "My_Garage\My_Garage.csproj", "{F85ABCD7-D6EA-40EF-A7EF-9143057800CC}"
EndProject
Global
	GlobalSection(SolutionConfigurationPlatforms) = preSolution
		Debug|Any CPU = Debug|Any CPU
		Release|Any CPU = Release|Any CPU
	EndGlobalSection
	GlobalSection(ProjectConfigurationPlatforms) = postSolution
		{F85ABCD7-D6EA-40EF-A7EF-9143057800CC}.Debug|Any CPU.ActiveCfg = Debug|Any CPU
		{F85ABCD7-D6EA-40EF-A7EF-9143057800CC}.Debug|Any CPU.Build.0 = Debug|Any CPU
		{F85ABCD7-D6EA-40EF-A7EF-9143057800CC}.Release|Any CPU.ActiveCfg = Release|Any CPU
		{F85ABCD7-D6EA-40EF-A7EF-9143057800CC}.Release|Any CPU.Build.0 = Release|Any CPU
	EndGlobalSection
	GlobalSection(SolutionProperties) = preSolution
		HideSolutionNode = FALSE
	EndGlobalSection
	GlobalSection(ExtensibilityGlobals) = postSolution
		SolutionGuid = {729C3FCC-DF60-47FE-89D9-216E128990CD}
	EndGlobalSection
EndGlobal
